
Microsoft Visual Studio Solution File, Format Version 12.00
# Visual Studio Version 17
VisualStudioVersion = 17.13.35806.99 d17.13
MinimumVisualStudioVersion = 10.0.40219.1
Project("{FAE04EC0-301F-11D3-BF4B-00C04F79EFBC}") = "Zoo.Tests", "Zoo.Tests.csproj", "{9BF51201-313F-1374-B68F-BDDAD950126C}"
EndProject
Global
	GlobalSection(SolutionConfigurationPlatforms) = preSolution
		Debug|Any CPU = Debug|Any CPU
		Release|Any CPU = Release|Any CPU
	EndGlobalSection
	GlobalSection(ProjectConfigurationPlatforms) = postSolution
		{9BF51201-313F-1374-B68F-BDDAD950126C}.Debug|Any CPU.ActiveCfg = Debug|Any CPU
		{9BF51201-313F-1374-B68F-BDDAD950126C}.Debug|Any CPU.Build.0 = Debug|Any CPU
		{9BF51201-313F-1374-B68F-BDDAD950126C}.Release|Any CPU.ActiveCfg = Release|Any CPU
		{9BF51201-313F-1374-B68F-BDDAD950126C}.Release|Any CPU.Build.0 = Release|Any CPU
	EndGlobalSection
	GlobalSection(SolutionProperties) = preSolution
		HideSolutionNode = FALSE
	EndGlobalSection
	GlobalSection(ExtensibilityGlobals) = postSolution
		SolutionGuid = {DEEC9B9E-46B3-4F74-B670-9CD6A92ADB34}
	EndGlobalSection
EndGlobal
